
Microsoft Visual Studio Solution File, Format Version 12.00
# Visual Studio 15
VisualStudioVersion = 15.0.28307.539
MinimumVisualStudioVersion = 10.0.40219.1
Project("{8BC9CEB8-8B4A-11D0-8D11-00A0C91BC942}") = "first", "first\first.vcxproj", "{AEBE30C6-E573-4814-8037-5588AA9C8956}"
EndProject
Project("{8BC9CEB8-8B4A-11D0-8D11-00A0C91BC942}") = "readFile", "readFile\readFile.vcxproj", "{D61252F2-D334-4C2C-9F97-9F8E2648A2AB}"
EndProject
Project("{8BC9CEB8-8B4A-11D0-8D11-00A0C91BC942}") = "hello_world", "hello_world\hello_world.vcxproj", "{FB5F4617-9C1F-4293-8D62-07124001F107}"
EndProject
Project("{8BC9CEB8-8B4A-11D0-8D11-00A0C91BC942}") = "windows_console_test", "windows_console_test\windows_console_test.vcxproj", "{3F196B5C-1E47-4B4D-8AA6-E6120FBCE696}"
EndProject
Global
	GlobalSection(SolutionConfigurationPlatforms) = preSolution
		Debug|x64 = Debug|x64
		Debug|x86 = Debug|x86
		Release|x64 = Release|x64
		Release|x86 = Release|x86
	EndGlobalSection
	GlobalSection(ProjectConfigurationPlatforms) = postSolution
		{AEBE30C6-E573-4814-8037-5588AA9C8956}.Debug|x64.ActiveCfg = Debug|x64
		{AEBE30C6-E573-4814-8037-5588AA9C8956}.Debug|x64.Build.0 = Debug|x64
		{AEBE30C6-E573-4814-8037-5588AA9C8956}.Debug|x86.ActiveCfg = Debug|Win32
		{AEBE30C6-E573-4814-8037-5588AA9C8956}.Debug|x86.Build.0 = Debug|Win32
		{AEBE30C6-E573-4814-8037-5588AA9C8956}.Release|x64.ActiveCfg = Release|x64
		{AEBE30C6-E573-4814-8037-5588AA9C8956}.Release|x64.Build.0 = Release|x64
		{AEBE30C6-E573-4814-8037-5588AA9C8956}.Release|x86.ActiveCfg = Release|Win32
		{AEBE30C6-E573-4814-8037-5588AA9C8956}.Release|x86.Build.0 = Release|Win32
		{D61252F2-D334-4C2C-9F97-9F8E2648A2AB}.Debug|x64.ActiveCfg = Debug|x64
		{D61252F2-D334-4C2C-9F97-9F8E2648A2AB}.Debug|x64.Build.0 = Debug|x64
		{D61252F2-D334-4C2C-9F97-9F8E2648A2AB}.Debug|x86.ActiveCfg = Debug|Win32
		{D61252F2-D334-4C2C-9F97-9F8E2648A2AB}.Debug|x86.Build.0 = Debug|Win32
		{D61252F2-D334-4C2C-9F97-9F8E2648A2AB}.Release|x64.ActiveCfg = Release|x64
		{D61252F2-D334-4C2C-9F97-9F8E2648A2AB}.Release|x64.Build.0 = Release|x64
		{D61252F2-D334-4C2C-9F97-9F8E2648A2AB}.Release|x86.ActiveCfg = Release|Win32
		{D61252F2-D334-4C2C-9F97-9F8E2648A2AB}.Release|x86.Build.0 = Release|Win32
		{FB5F4617-9C1F-4293-8D62-07124001F107}.Debug|x64.ActiveCfg = Debug|x64
		{FB5F4617-9C1F-4293-8D62-07124001F107}.Debug|x64.Build.0 = Debug|x64
		{FB5F4617-9C1F-4293-8D62-07124001F107}.Debug|x86.ActiveCfg = Debug|Win32
		{FB5F4617-9C1F-4293-8D62-07124001F107}.Debug|x86.Build.0 = Debug|Win32
		{FB5F4617-9C1F-4293-8D62-07124001F107}.Release|x64.ActiveCfg = Release|x64
		{FB5F4617-9C1F-4293-8D62-07124001F107}.Release|x64.Build.0 = Release|x64
		{FB5F4617-9C1F-4293-8D62-07124001F107}.Release|x86.ActiveCfg = Release|Win32
		{FB5F4617-9C1F-4293-8D62-07124001F107}.Release|x86.Build.0 = Release|Win32
		{3F196B5C-1E47-4B4D-8AA6-E6120FBCE696}.Debug|x64.ActiveCfg = Debug|x64
		{3F196B5C-1E47-4B4D-8AA6-E6120FBCE696}.Debug|x64.Build.0 = Debug|x64
		{3F196B5C-1E47-4B4D-8AA6-E6120FBCE696}.Debug|x86.ActiveCfg = Debug|Win32
		{3F196B5C-1E47-4B4D-8AA6-E6120FBCE696}.Debug|x86.Build.0 = Debug|Win32
		{3F196B5C-1E47-4B4D-8AA6-E6120FBCE696}.Release|x64.ActiveCfg = Release|x64
		{3F196B5C-1E47-4B4D-8AA6-E6120FBCE696}.Release|x64.Build.0 = Release|x64
		{3F196B5C-1E47-4B4D-8AA6-E6120FBCE696}.Release|x86.ActiveCfg = Release|Win32
		{3F196B5C-1E47-4B4D-8AA6-E6120FBCE696}.Release|x86.Build.0 = Release|Win32
	EndGlobalSection
	GlobalSection(SolutionProperties) = preSolution
		HideSolutionNode = FALSE
	EndGlobalSection
	GlobalSection(ExtensibilityGlobals) = postSolution
		SolutionGuid = {0090D8E1-E141-4658-84F9-99427E61284D}
	EndGlobalSection
EndGlobal
